
Microsoft Visual Studio Solution File, Format Version 12.00
# Visual Studio 15
VisualStudioVersion = 15.0.27703.2047
MinimumVisualStudioVersion = 10.0.40219.1
Project("{FAE04EC0-301F-11D3-BF4B-00C04F79EFBC}") = "Wallet.Android", "Wallet\Wallet.Android\Wallet.Android.csproj", "{27688EAE-E227-496C-A18C-0D0DCB222149}"
EndProject
Project("{FAE04EC0-301F-11D3-BF4B-00C04F79EFBC}") = "Wallet.iOS", "Wallet\Wallet.iOS\Wallet.iOS.csproj", "{5B9B248F-FAA0-4410-809D-6D836C4B4675}"
EndProject
Project("{FAE04EC0-301F-11D3-BF4B-00C04F79EFBC}") = "Wallet", "Wallet\Wallet\Wallet.csproj", "{BC1F046A-C0CC-4D1A-82CC-3CFFBCA507AF}"
EndProject
Global
	GlobalSection(SolutionConfigurationPlatforms) = preSolution
		Ad-Hoc|Any CPU = Ad-Hoc|Any CPU
		Ad-Hoc|iPhone = Ad-Hoc|iPhone
		Ad-Hoc|iPhoneSimulator = Ad-Hoc|iPhoneSimulator
		AppStore|Any CPU = AppStore|Any CPU
		AppStore|iPhone = AppStore|iPhone
		AppStore|iPhoneSimulator = AppStore|iPhoneSimulator
		Debug|Any CPU = Debug|Any CPU
		Debug|iPhone = Debug|iPhone
		Debug|iPhoneSimulator = Debug|iPhoneSimulator
		Release|Any CPU = Release|Any CPU
		Release|iPhone = Release|iPhone
		Release|iPhoneSimulator = Release|iPhoneSimulator
	EndGlobalSection
	GlobalSection(ProjectConfigurationPlatforms) = postSolution
		{27688EAE-E227-496C-A18C-0D0DCB222149}.Ad-Hoc|Any CPU.ActiveCfg = Release|Any CPU
		{27688EAE-E227-496C-A18C-0D0DCB222149}.Ad-Hoc|Any CPU.Build.0 = Release|Any CPU
		{27688EAE-E227-496C-A18C-0D0DCB222149}.Ad-Hoc|Any CPU.Deploy.0 = Release|Any CPU
		{27688EAE-E227-496C-A18C-0D0DCB222149}.Ad-Hoc|iPhone.ActiveCfg = Release|Any CPU
		{27688EAE-E227-496C-A18C-0D0DCB222149}.Ad-Hoc|iPhone.Build.0 = Release|Any CPU
		{27688EAE-E227-496C-A18C-0D0DCB222149}.Ad-Hoc|iPhone.Deploy.0 = Release|Any CPU
		{27688EAE-E227-496C-A18C-0D0DCB222149}.Ad-Hoc|iPhoneSimulator.ActiveCfg = Release|Any CPU
		{27688EAE-E227-496C-A18C-0D0DCB222149}.Ad-Hoc|iPhoneSimulator.Build.0 = Release|Any CPU
		{27688EAE-E227-496C-A18C-0D0DCB222149}.Ad-Hoc|iPhoneSimulator.Deploy.0 = Release|Any CPU
		{27688EAE-E227-496C-A18C-0D0DCB222149}.AppStore|Any CPU.ActiveCfg = Release|Any CPU
		{27688EAE-E227-496C-A18C-0D0DCB222149}.AppStore|Any CPU.Build.0 = Release|Any CPU
		{27688EAE-E227-496C-A18C-0D0DCB222149}.AppStore|Any CPU.Deploy.0 = Release|Any CPU
		{27688EAE-E227-496C-A18C-0D0DCB222149}.AppStore|iPhone.ActiveCfg = Release|Any CPU
		{27688EAE-E227-496C-A18C-0D0DCB222149}.AppStore|iPhone.Build.0 = Release|Any CPU
		{27688EAE-E227-496C-A18C-0D0DCB222149}.AppStore|iPhone.Deploy.0 = Release|Any CPU
		{27688EAE-E227-496C-A18C-0D0DCB222149}.AppStore|iPhoneSimulator.ActiveCfg = Release|Any CPU
		{27688EAE-E227-496C-A18C-0D0DCB222149}.AppStore|iPhoneSimulator.Build.0 = Release|Any CPU
		{27688EAE-E227-496C-A18C-0D0DCB222149}.AppStore|iPhoneSimulator.Deploy.0 = Release|Any CPU
		{27688EAE-E227-496C-A18C-0D0DCB222149}.Debug|Any CPU.ActiveCfg = Debug|Any CPU
		{27688EAE-E227-496C-A18C-0D0DCB222149}.Debug|Any CPU.Build.0 = Debug|Any CPU
		{27688EAE-E227-496C-A18C-0D0DCB222149}.Debug|Any CPU.Deploy.0 = Debug|Any CPU
		{27688EAE-E227-496C-A18C-0D0DCB222149}.Debug|iPhone.ActiveCfg = Debug|Any CPU
		{27688EAE-E227-496C-A18C-0D0DCB222149}.Debug|iPhone.Build.0 = Debug|Any CPU
		{27688EAE-E227-496C-A18C-0D0DCB222149}.Debug|iPhone.Deploy.0 = Debug|Any CPU
		{27688EAE-E227-496C-A18C-0D0DCB222149}.Debug|iPhoneSimulator.ActiveCfg = Debug|Any CPU
		{27688EAE-E227-496C-A18C-0D0DCB222149}.Debug|iPhoneSimulator.Build.0 = Debug|Any CPU
		{27688EAE-E227-496C-A18C-0D0DCB222149}.Debug|iPhoneSimulator.Deploy.0 = Debug|Any CPU
		{27688EAE-E227-496C-A18C-0D0DCB222149}.Release|Any CPU.ActiveCfg = Release|Any CPU
		{27688EAE-E227-496C-A18C-0D0DCB222149}.Release|Any CPU.Build.0 = Release|Any CPU
		{27688EAE-E227-496C-A18C-0D0DCB222149}.Release|Any CPU.Deploy.0 = Release|Any CPU
		{27688EAE-E227-496C-A18C-0D0DCB222149}.Release|iPhone.ActiveCfg = Release|Any CPU
		{27688EAE-E227-496C-A18C-0D0DCB222149}.Release|iPhone.Build.0 = Release|Any CPU
		{27688EAE-E227-496C-A18C-0D0DCB222149}.Release|iPhone.Deploy.0 = Release|Any CPU
		{27688EAE-E227-496C-A18C-0D0DCB222149}.Release|iPhoneSimulator.ActiveCfg = Release|Any CPU
		{27688EAE-E227-496C-A18C-0D0DCB222149}.Release|iPhoneSimulator.Build.0 = Release|Any CPU
		{27688EAE-E227-496C-A18C-0D0DCB222149}.Release|iPhoneSimulator.Deploy.0 = Release|Any CPU
		{5B9B248F-FAA0-4410-809D-6D836C4B4675}.Ad-Hoc|Any CPU.ActiveCfg = Ad-Hoc|iPhone
		{5B9B248F-FAA0-4410-809D-6D836C4B4675}.Ad-Hoc|Any CPU.Build.0 = Ad-Hoc|iPhone
		{5B9B248F-FAA0-4410-809D-6D836C4B4675}.Ad-Hoc|Any CPU.Deploy.0 = Ad-Hoc|iPhone
		{5B9B248F-FAA0-4410-809D-6D836C4B4675}.Ad-Hoc|iPhone.ActiveCfg = Ad-Hoc|iPhone
		{5B9B248F-FAA0-4410-809D-6D836C4B4675}.Ad-Hoc|iPhone.Build.0 = Ad-Hoc|iPhone
		{5B9B248F-FAA0-4410-809D-6D836C4B4675}.Ad-Hoc|iPhone.Deploy.0 = Ad-Hoc|iPhone
		{5B9B248F-FAA0-4410-809D-6D836C4B4675}.Ad-Hoc|iPhoneSimulator.ActiveCfg = Ad-Hoc|iPhoneSimulator
		{5B9B248F-FAA0-4410-809D-6D836C4B4675}.Ad-Hoc|iPhoneSimulator.Build.0 = Ad-Hoc|iPhoneSimulator
		{5B9B248F-FAA0-4410-809D-6D836C4B4675}.Ad-Hoc|iPhoneSimulator.Deploy.0 = Ad-Hoc|iPhoneSimulator
		{5B9B248F-FAA0-4410-809D-6D836C4B4675}.AppStore|Any CPU.ActiveCfg = AppStore|iPhone
		{5B9B248F-FAA0-4410-809D-6D836C4B4675}.AppStore|Any CPU.Build.0 = AppStore|iPhone
		{5B9B248F-FAA0-4410-809D-6D836C4B4675}.AppStore|Any CPU.Deploy.0 = AppStore|iPhone
		{5B9B248F-FAA0-4410-809D-6D836C4B4675}.AppStore|iPhone.ActiveCfg = AppStore|iPhone
		{5B9B248F-FAA0-4410-809D-6D836C4B4675}.AppStore|iPhone.Build.0 = AppStore|iPhone
		{5B9B248F-FAA0-4410-809D-6D836C4B4675}.AppStore|iPhone.Deploy.0 = AppStore|iPhone
		{5B9B248F-FAA0-4410-809D-6D836C4B4675}.AppStore|iPhoneSimulator.ActiveCfg = AppStore|iPhoneSimulator
		{5B9B248F-FAA0-4410-809D-6D836C4B4675}.AppStore|iPhoneSimulator.Build.0 = AppStore|iPhoneSimulator
		{5B9B248F-FAA0-4410-809D-6D836C4B4675}.AppStore|iPhoneSimulator.Deploy.0 = AppStore|iPhoneSimulator
		{5B9B248F-FAA0-4410-809D-6D836C4B4675}.Debug|Any CPU.ActiveCfg = Debug|iPhoneSimulator
		{5B9B248F-FAA0-4410-809D-6D836C4B4675}.Debug|Any CPU.Build.0 = Debug|iPhoneSimulator
		{5B9B248F-FAA0-4410-809D-6D836C4B4675}.Debug|Any CPU.Deploy.0 = Debug|iPhoneSimulator
		{5B9B248F-FAA0-4410-809D-6D836C4B4675}.Debug|iPhone.ActiveCfg = Debug|iPhone
		{5B9B248F-FAA0-4410-809D-6D836C4B4675}.Debug|iPhone.Build.0 = Debug|iPhone
		{5B9B248F-FAA0-4410-809D-6D836C4B4675}.Debug|iPhone.Deploy.0 = Debug|iPhone
		{5B9B248F-FAA0-4410-809D-6D836C4B4675}.Debug|iPhoneSimulator.ActiveCfg = Debug|iPhoneSimulator
		{5B9B248F-FAA0-4410-809D-6D836C4B4675}.Debug|iPhoneSimulator.Build.0 = Debug|iPhoneSimulator
		{5B9B248F-FAA0-4410-809D-6D836C4B4675}.Debug|iPhoneSimulator.Deploy.0 = Debug|iPhoneSimulator
		{5B9B248F-FAA0-4410-809D-6D836C4B4675}.Release|Any CPU.ActiveCfg = Release|iPhone
		{5B9B248F-FAA0-4410-809D-6D836C4B4675}.Release|Any CPU.Build.0 = Release|iPhone
		{5B9B248F-FAA0-4410-809D-6D836C4B4675}.Release|Any CPU.Deploy.0 = Release|iPhone
		{5B9B248F-FAA0-4410-809D-6D836C4B4675}.Release|iPhone.ActiveCfg = Release|iPhone
		{5B9B248F-FAA0-4410-809D-6D836C4B4675}.Release|iPhone.Build.0 = Release|iPhone
		{5B9B248F-FAA0-4410-809D-6D836C4B4675}.Release|iPhone.Deploy.0 = Release|iPhone
		{5B9B248F-FAA0-4410-809D-6D836C4B4675}.Release|iPhoneSimulator.ActiveCfg = Release|iPhoneSimulator
		{5B9B248F-FAA0-4410-809D-6D836C4B4675}.Release|iPhoneSimulator.Build.0 = Release|iPhoneSimulator
		{5B9B248F-FAA0-4410-809D-6D836C4B4675}.Release|iPhoneSimulator.Deploy.0 = Release|iPhoneSimulator
		{BC1F046A-C0CC-4D1A-82CC-3CFFBCA507AF}.Ad-Hoc|Any CPU.ActiveCfg = Debug|Any CPU
		{BC1F046A-C0CC-4D1A-82CC-3CFFBCA507AF}.Ad-Hoc|Any CPU.Build.0 = Debug|Any CPU
		{BC1F046A-C0CC-4D1A-82CC-3CFFBCA507AF}.Ad-Hoc|Any CPU.Deploy.0 = Debug|Any CPU
		{BC1F046A-C0CC-4D1A-82CC-3CFFBCA507AF}.Ad-Hoc|iPhone.ActiveCfg = Debug|Any CPU
		{BC1F046A-C0CC-4D1A-82CC-3CFFBCA507AF}.Ad-Hoc|iPhone.Build.0 = Debug|Any CPU
		{BC1F046A-C0CC-4D1A-82CC-3CFFBCA507AF}.Ad-Hoc|iPhone.Deploy.0 = Debug|Any CPU
		{BC1F046A-C0CC-4D1A-82CC-3CFFBCA507AF}.Ad-Hoc|iPhoneSimulator.ActiveCfg = Debug|Any CPU
		{BC1F046A-C0CC-4D1A-82CC-3CFFBCA507AF}.Ad-Hoc|iPhoneSimulator.Build.0 = Debug|Any CPU
		{BC1F046A-C0CC-4D1A-82CC-3CFFBCA507AF}.Ad-Hoc|iPhoneSimulator.Deploy.0 = Debug|Any CPU
		{BC1F046A-C0CC-4D1A-82CC-3CFFBCA507AF}.AppStore|Any CPU.ActiveCfg = Debug|Any CPU
		{BC1F046A-C0CC-4D1A-82CC-3CFFBCA507AF}.AppStore|Any CPU.Build.0 = Debug|Any CPU
		{BC1F046A-C0CC-4D1A-82CC-3CFFBCA507AF}.AppStore|Any CPU.Deploy.0 = Debug|Any CPU
		{BC1F046A-C0CC-4D1A-82CC-3CFFBCA507AF}.AppStore|iPhone.ActiveCfg = Debug|Any CPU
		{BC1F046A-C0CC-4D1A-82CC-3CFFBCA507AF}.AppStore|iPhone.Build.0 = Debug|Any CPU
		{BC1F046A-C0CC-4D1A-82CC-3CFFBCA507AF}.AppStore|iPhone.Deploy.0 = Debug|Any CPU
		{BC1F046A-C0CC-4D1A-82CC-3CFFBCA507AF}.AppStore|iPhoneSimulator.ActiveCfg = Debug|Any CPU
		{BC1F046A-C0CC-4D1A-82CC-3CFFBCA507AF}.AppStore|iPhoneSimulator.Build.0 = Debug|Any CPU
		{BC1F046A-C0CC-4D1A-82CC-3CFFBCA507AF}.AppStore|iPhoneSimulator.Deploy.0 = Debug|Any CPU
		{BC1F046A-C0CC-4D1A-82CC-3CFFBCA507AF}.Debug|Any CPU.ActiveCfg = Debug|Any CPU
		{BC1F046A-C0CC-4D1A-82CC-3CFFBCA507AF}.Debug|Any CPU.Build.0 = Debug|Any CPU
		{BC1F046A-C0CC-4D1A-82CC-3CFFBCA507AF}.Debug|Any CPU.Deploy.0 = Debug|Any CPU
		{BC1F046A-C0CC-4D1A-82CC-3CFFBCA507AF}.Debug|iPhone.ActiveCfg = Debug|Any CPU
		{BC1F046A-C0CC-4D1A-82CC-3CFFBCA507AF}.Debug|iPhone.Build.0 = Debug|Any CPU
		{BC1F046A-C0CC-4D1A-82CC-3CFFBCA507AF}.Debug|iPhone.Deploy.0 = Debug|Any CPU
		{BC1F046A-C0CC-4D1A-82CC-3CFFBCA507AF}.Debug|iPhoneSimulator.ActiveCfg = Debug|Any CPU
		{BC1F046A-C0CC-4D1A-82CC-3CFFBCA507AF}.Debug|iPhoneSimulator.Build.0 = Debug|Any CPU
		{BC1F046A-C0CC-4D1A-82CC-3CFFBCA507AF}.Debug|iPhoneSimulator.Deploy.0 = Debug|Any CPU
		{BC1F046A-C0CC-4D1A-82CC-3CFFBCA507AF}.Release|Any CPU.ActiveCfg = Release|Any CPU
		{BC1F046A-C0CC-4D1A-82CC-3CFFBCA507AF}.Release|Any CPU.Build.0 = Release|Any CPU
		{BC1F046A-C0CC-4D1A-82CC-3CFFBCA507AF}.Release|Any CPU.Deploy.0 = Release|Any CPU
		{BC1F046A-C0CC-4D1A-82CC-3CFFBCA507AF}.Release|iPhone.ActiveCfg = Release|Any CPU
		{BC1F046A-C0CC-4D1A-82CC-3CFFBCA507AF}.Release|iPhone.Build.0 = Release|Any CPU
		{BC1F046A-C0CC-4D1A-82CC-3CFFBCA507AF}.Release|iPhone.Deploy.0 = Release|Any CPU
		{BC1F046A-C0CC-4D1A-82CC-3CFFBCA507AF}.Release|iPhoneSimulator.ActiveCfg = Release|Any CPU
		{BC1F046A-C0CC-4D1A-82CC-3CFFBCA507AF}.Release|iPhoneSimulator.Build.0 = Release|Any CPU
		{BC1F046A-C0CC-4D1A-82CC-3CFFBCA507AF}.Release|iPhoneSimulator.Deploy.0 = Release|Any CPU
	EndGlobalSection
	GlobalSection(SolutionProperties) = preSolution
		HideSolutionNode = FALSE
	EndGlobalSection
	GlobalSection(ExtensibilityGlobals) = postSolution
		SolutionGuid = {EAEAC3D5-DBB3-445C-BBF7-D7DFC4C5F9F0}
	EndGlobalSection
EndGlobal
